
Microsoft Visual Studio Solution File, Format Version 12.00
# Visual Studio Version 17
VisualStudioVersion = 17.9.34728.123
MinimumVisualStudioVersion = 10.0.40219.1
Project("{9A19103F-16F7-4668-BE54-9A1E7A4F7556}") = "WebSocketsSample", "WebSocketsSample.csproj", "{DD88B7DA-119D-468A-A926-E141C9C30370}"
EndProject
Global
	GlobalSection(SolutionConfigurationPlatforms) = preSolution
		Debug|Any CPU = Debug|Any CPU
		Release|Any CPU = Release|Any CPU
	EndGlobalSection
	GlobalSection(ProjectConfigurationPlatforms) = postSolution
		{DD88B7DA-119D-468A-A926-E141C9C30370}.Debug|Any CPU.ActiveCfg = Debug|Any CPU
		{DD88B7DA-119D-468A-A926-E141C9C30370}.Debug|Any CPU.Build.0 = Debug|Any CPU
		{DD88B7DA-119D-468A-A926-E141C9C30370}.Release|Any CPU.ActiveCfg = Release|Any CPU
		{DD88B7DA-119D-468A-A926-E141C9C30370}.Release|Any CPU.Build.0 = Release|Any CPU
	EndGlobalSection
	GlobalSection(SolutionProperties) = preSolution
		HideSolutionNode = FALSE
	EndGlobalSection
	GlobalSection(ExtensibilityGlobals) = postSolution
		SolutionGuid = {D586941A-F577-464C-8A82-368B446A3E09}
	EndGlobalSection
EndGlobal
